
Microsoft Visual Studio Solution File, Format Version 12.00
# Visual Studio Version 17
VisualStudioVersion = 17.3.32929.385
MinimumVisualStudioVersion = 10.0.40219.1
Project("{FAE04EC0-301F-11D3-BF4B-00C04F79EFBC}") = "ApacheKafkaConsumerDemo", "ApacheKafkaConsumerDemo.csproj", "{1C1F4583-E519-4B80-BF2A-C8E159F99E44}"
EndProject
Global
	GlobalSection(SolutionConfigurationPlatforms) = preSolution
		Debug|Any CPU = Debug|Any CPU
		Release|Any CPU = Release|Any CPU
	EndGlobalSection
	GlobalSection(ProjectConfigurationPlatforms) = postSolution
		{1C1F4583-E519-4B80-BF2A-C8E159F99E44}.Debug|Any CPU.ActiveCfg = Debug|Any CPU
		{1C1F4583-E519-4B80-BF2A-C8E159F99E44}.Debug|Any CPU.Build.0 = Debug|Any CPU
		{1C1F4583-E519-4B80-BF2A-C8E159F99E44}.Release|Any CPU.ActiveCfg = Release|Any CPU
		{1C1F4583-E519-4B80-BF2A-C8E159F99E44}.Release|Any CPU.Build.0 = Release|Any CPU
	EndGlobalSection
	GlobalSection(SolutionProperties) = preSolution
		HideSolutionNode = FALSE
	EndGlobalSection
	GlobalSection(ExtensibilityGlobals) = postSolution
		SolutionGuid = {2E7E4AFE-B37A-4A85-9BCC-D95796ABEE6B}
	EndGlobalSection
EndGlobal
